
Microsoft Visual Studio Solution File, Format Version 12.00
# Visual Studio Version 17
VisualStudioVersion = 17.0.31903.59
MinimumVisualStudioVersion = 10.0.40219.1
Project("{2150E333-8FDC-42A3-9474-1A3956D46DE8}") = "AdventOfCode.sln", "AdventOfCode.sln", "{3855F04E-89DD-4E09-B7C0-D1B9BD27AE33}"
EndProject
Project("{FAE04EC0-301F-11D3-BF4B-00C04F79EFBC}") = "Puzzle1", "Day1\Puzzle1.csproj", "{7789FAE3-1BDE-4A36-A642-5FFD84FBE6CD}"
EndProject
Project("{FAE04EC0-301F-11D3-BF4B-00C04F79EFBC}") = "Day2", "Day2\Day2.csproj", "{6C41BEFB-42D7-4F9B-8B9D-68B07DE8A6A5}"
EndProject
Project("{FAE04EC0-301F-11D3-BF4B-00C04F79EFBC}") = "Day3", "Day3\Day3.csproj", "{7C802A72-64CB-4A1D-8D4D-A39E9024D62B}"
EndProject
Project("{FAE04EC0-301F-11D3-BF4B-00C04F79EFBC}") = "Day4", "Day4\Day4.csproj", "{3CD923F6-5E25-4385-8E96-F85DCC1C053F}"
EndProject
Project("{FAE04EC0-301F-11D3-BF4B-00C04F79EFBC}") = "Day5", "Day5\Day5.csproj", "{06224677-C3A5-4C3C-B69D-2104605EB7A0}"
EndProject
Project("{FAE04EC0-301F-11D3-BF4B-00C04F79EFBC}") = "Day6", "Day6\Day6.csproj", "{1EDEB018-93D9-4EAE-A008-DA6C786C08F5}"
EndProject
Project("{FAE04EC0-301F-11D3-BF4B-00C04F79EFBC}") = "Day7", "Day7\Day7.csproj", "{9B7C4783-7B56-4675-A7F5-C36E2D0A8FA3}"
EndProject
Project("{FAE04EC0-301F-11D3-BF4B-00C04F79EFBC}") = "Day8", "Day8\Day8.csproj", "{DCFA6F58-CD2D-47B4-8D88-903CDA0DFA91}"
EndProject
Project("{FAE04EC0-301F-11D3-BF4B-00C04F79EFBC}") = "Day11", "Day11\Day11.csproj", "{18C9346B-F16E-4006-A207-AFE22C79490E}"
EndProject
Global
	GlobalSection(SolutionConfigurationPlatforms) = preSolution
		Debug|Any CPU = Debug|Any CPU
		Release|Any CPU = Release|Any CPU
	EndGlobalSection
	GlobalSection(SolutionProperties) = preSolution
		HideSolutionNode = FALSE
	EndGlobalSection
	GlobalSection(ProjectConfigurationPlatforms) = postSolution
		{7789FAE3-1BDE-4A36-A642-5FFD84FBE6CD}.Debug|Any CPU.ActiveCfg = Debug|Any CPU
		{7789FAE3-1BDE-4A36-A642-5FFD84FBE6CD}.Debug|Any CPU.Build.0 = Debug|Any CPU
		{7789FAE3-1BDE-4A36-A642-5FFD84FBE6CD}.Release|Any CPU.ActiveCfg = Release|Any CPU
		{7789FAE3-1BDE-4A36-A642-5FFD84FBE6CD}.Release|Any CPU.Build.0 = Release|Any CPU
		{6C41BEFB-42D7-4F9B-8B9D-68B07DE8A6A5}.Debug|Any CPU.ActiveCfg = Debug|Any CPU
		{6C41BEFB-42D7-4F9B-8B9D-68B07DE8A6A5}.Debug|Any CPU.Build.0 = Debug|Any CPU
		{6C41BEFB-42D7-4F9B-8B9D-68B07DE8A6A5}.Release|Any CPU.ActiveCfg = Release|Any CPU
		{6C41BEFB-42D7-4F9B-8B9D-68B07DE8A6A5}.Release|Any CPU.Build.0 = Release|Any CPU
		{7C802A72-64CB-4A1D-8D4D-A39E9024D62B}.Debug|Any CPU.ActiveCfg = Debug|Any CPU
		{7C802A72-64CB-4A1D-8D4D-A39E9024D62B}.Debug|Any CPU.Build.0 = Debug|Any CPU
		{7C802A72-64CB-4A1D-8D4D-A39E9024D62B}.Release|Any CPU.ActiveCfg = Release|Any CPU
		{7C802A72-64CB-4A1D-8D4D-A39E9024D62B}.Release|Any CPU.Build.0 = Release|Any CPU
		{3CD923F6-5E25-4385-8E96-F85DCC1C053F}.Debug|Any CPU.ActiveCfg = Debug|Any CPU
		{3CD923F6-5E25-4385-8E96-F85DCC1C053F}.Debug|Any CPU.Build.0 = Debug|Any CPU
		{3CD923F6-5E25-4385-8E96-F85DCC1C053F}.Release|Any CPU.ActiveCfg = Release|Any CPU
		{3CD923F6-5E25-4385-8E96-F85DCC1C053F}.Release|Any CPU.Build.0 = Release|Any CPU
		{06224677-C3A5-4C3C-B69D-2104605EB7A0}.Debug|Any CPU.ActiveCfg = Debug|Any CPU
		{06224677-C3A5-4C3C-B69D-2104605EB7A0}.Debug|Any CPU.Build.0 = Debug|Any CPU
		{06224677-C3A5-4C3C-B69D-2104605EB7A0}.Release|Any CPU.ActiveCfg = Release|Any CPU
		{06224677-C3A5-4C3C-B69D-2104605EB7A0}.Release|Any CPU.Build.0 = Release|Any CPU
		{1EDEB018-93D9-4EAE-A008-DA6C786C08F5}.Debug|Any CPU.ActiveCfg = Debug|Any CPU
		{1EDEB018-93D9-4EAE-A008-DA6C786C08F5}.Debug|Any CPU.Build.0 = Debug|Any CPU
		{1EDEB018-93D9-4EAE-A008-DA6C786C08F5}.Release|Any CPU.ActiveCfg = Release|Any CPU
		{1EDEB018-93D9-4EAE-A008-DA6C786C08F5}.Release|Any CPU.Build.0 = Release|Any CPU
		{9B7C4783-7B56-4675-A7F5-C36E2D0A8FA3}.Debug|Any CPU.ActiveCfg = Debug|Any CPU
		{9B7C4783-7B56-4675-A7F5-C36E2D0A8FA3}.Debug|Any CPU.Build.0 = Debug|Any CPU
		{9B7C4783-7B56-4675-A7F5-C36E2D0A8FA3}.Release|Any CPU.ActiveCfg = Release|Any CPU
		{9B7C4783-7B56-4675-A7F5-C36E2D0A8FA3}.Release|Any CPU.Build.0 = Release|Any CPU
		{DCFA6F58-CD2D-47B4-8D88-903CDA0DFA91}.Debug|Any CPU.ActiveCfg = Debug|Any CPU
		{DCFA6F58-CD2D-47B4-8D88-903CDA0DFA91}.Debug|Any CPU.Build.0 = Debug|Any CPU
		{DCFA6F58-CD2D-47B4-8D88-903CDA0DFA91}.Release|Any CPU.ActiveCfg = Release|Any CPU
		{DCFA6F58-CD2D-47B4-8D88-903CDA0DFA91}.Release|Any CPU.Build.0 = Release|Any CPU
		{18C9346B-F16E-4006-A207-AFE22C79490E}.Debug|Any CPU.ActiveCfg = Debug|Any CPU
		{18C9346B-F16E-4006-A207-AFE22C79490E}.Debug|Any CPU.Build.0 = Debug|Any CPU
		{18C9346B-F16E-4006-A207-AFE22C79490E}.Release|Any CPU.ActiveCfg = Release|Any CPU
		{18C9346B-F16E-4006-A207-AFE22C79490E}.Release|Any CPU.Build.0 = Release|Any CPU
	EndGlobalSection
	GlobalSection(NestedProjects) = preSolution
		{7789FAE3-1BDE-4A36-A642-5FFD84FBE6CD} = {3855F04E-89DD-4E09-B7C0-D1B9BD27AE33}
		{6C41BEFB-42D7-4F9B-8B9D-68B07DE8A6A5} = {3855F04E-89DD-4E09-B7C0-D1B9BD27AE33}
		{7C802A72-64CB-4A1D-8D4D-A39E9024D62B} = {3855F04E-89DD-4E09-B7C0-D1B9BD27AE33}
		{3CD923F6-5E25-4385-8E96-F85DCC1C053F} = {3855F04E-89DD-4E09-B7C0-D1B9BD27AE33}
		{06224677-C3A5-4C3C-B69D-2104605EB7A0} = {3855F04E-89DD-4E09-B7C0-D1B9BD27AE33}
		{1EDEB018-93D9-4EAE-A008-DA6C786C08F5} = {3855F04E-89DD-4E09-B7C0-D1B9BD27AE33}
		{9B7C4783-7B56-4675-A7F5-C36E2D0A8FA3} = {3855F04E-89DD-4E09-B7C0-D1B9BD27AE33}
		{DCFA6F58-CD2D-47B4-8D88-903CDA0DFA91} = {3855F04E-89DD-4E09-B7C0-D1B9BD27AE33}
		{18C9346B-F16E-4006-A207-AFE22C79490E} = {3855F04E-89DD-4E09-B7C0-D1B9BD27AE33}
	EndGlobalSection
EndGlobal
