
Microsoft Visual Studio Solution File, Format Version 12.00
# Visual Studio Version 17
VisualStudioVersion = 17.5.002.0
MinimumVisualStudioVersion = 10.0.40219.1
Project("{9A19103F-16F7-4668-BE54-9A1E7A4F7556}") = "Day6", "Day6.csproj", "{8922A660-7567-466E-86EA-29DEF62432F4}"
EndProject
Global
	GlobalSection(SolutionConfigurationPlatforms) = preSolution
		Debug|Any CPU = Debug|Any CPU
		Release|Any CPU = Release|Any CPU
	EndGlobalSection
	GlobalSection(ProjectConfigurationPlatforms) = postSolution
		{8922A660-7567-466E-86EA-29DEF62432F4}.Debug|Any CPU.ActiveCfg = Debug|Any CPU
		{8922A660-7567-466E-86EA-29DEF62432F4}.Debug|Any CPU.Build.0 = Debug|Any CPU
		{8922A660-7567-466E-86EA-29DEF62432F4}.Release|Any CPU.ActiveCfg = Release|Any CPU
		{8922A660-7567-466E-86EA-29DEF62432F4}.Release|Any CPU.Build.0 = Release|Any CPU
	EndGlobalSection
	GlobalSection(SolutionProperties) = preSolution
		HideSolutionNode = FALSE
	EndGlobalSection
	GlobalSection(ExtensibilityGlobals) = postSolution
		SolutionGuid = {A4FC1DAA-B780-45EC-BD66-6C9233B6F2CF}
	EndGlobalSection
EndGlobal
