
Microsoft Visual Studio Solution File, Format Version 12.00
# Visual Studio Version 17
VisualStudioVersion = 17.5.002.0
MinimumVisualStudioVersion = 10.0.40219.1
Project("{9A19103F-16F7-4668-BE54-9A1E7A4F7556}") = "Day11", "Day11.csproj", "{01C62415-C5A8-4426-9DC0-F0C229E2D267}"
EndProject
Global
	GlobalSection(SolutionConfigurationPlatforms) = preSolution
		Debug|Any CPU = Debug|Any CPU
		Release|Any CPU = Release|Any CPU
	EndGlobalSection
	GlobalSection(ProjectConfigurationPlatforms) = postSolution
		{01C62415-C5A8-4426-9DC0-F0C229E2D267}.Debug|Any CPU.ActiveCfg = Debug|Any CPU
		{01C62415-C5A8-4426-9DC0-F0C229E2D267}.Debug|Any CPU.Build.0 = Debug|Any CPU
		{01C62415-C5A8-4426-9DC0-F0C229E2D267}.Release|Any CPU.ActiveCfg = Release|Any CPU
		{01C62415-C5A8-4426-9DC0-F0C229E2D267}.Release|Any CPU.Build.0 = Release|Any CPU
	EndGlobalSection
	GlobalSection(SolutionProperties) = preSolution
		HideSolutionNode = FALSE
	EndGlobalSection
	GlobalSection(ExtensibilityGlobals) = postSolution
		SolutionGuid = {449E6F8D-D90A-4321-9438-66EC04521040}
	EndGlobalSection
EndGlobal
